// !$*UTF8*$!
{
	archiveVersion = 1;
	classes = {
	};
	objectVersion = 46;
	objects = {

/* Begin PBXBuildFile section */
		BE0D58971DA670A5008D42AC /* AppDelegate.swift in Sources */ = {isa = PBXBuildFile; fileRef = BE0D58961DA670A5008D42AC /* AppDelegate.swift */; };
		BE0D58991DA670A5008D42AC /* ViewController.swift in Sources */ = {isa = PBXBuildFile; fileRef = BE0D58981DA670A5008D42AC /* ViewController.swift */; };
		BE0D589C1DA670A5008D42AC /* Main.storyboard in Resources */ = {isa = PBXBuildFile; fileRef = BE0D589A1DA670A5008D42AC /* Main.storyboard */; };
		BE0D589E1DA670A5008D42AC /* Assets.xcassets in Resources */ = {isa = PBXBuildFile; fileRef = BE0D589D1DA670A5008D42AC /* Assets.xcassets */; };
		BE0D58A11DA670A5008D42AC /* LaunchScreen.storyboard in Resources */ = {isa = PBXBuildFile; fileRef = BE0D589F1DA670A5008D42AC /* LaunchScreen.storyboard */; };
/* End PBXBuildFile section */

/* Begin PBXFileReference section */
		BE0D58931DA670A5008D42AC /* Badin theme.app */ = {isa = PBXFileReference; explicitFileType = wrapper.application; includeInIndex = 0; path = "Badin theme.app"; sourceTree = BUILT_PRODUCTS_DIR; };
		BE0D58961DA670A5008D42AC /* AppDelegate.swift */ = {isa = PBXFileReference; lastKnownFileType = sourcecode.swift; path = AppDelegate.swift; sourceTree = "<group>"; };
		BE0D58981DA670A5008D42AC /* ViewController.swift */ = {isa = PBXFileReference; lastKnownFileType = sourcecode.swift; path = ViewController.swift; sourceTree = "<group>"; };
		BE0D589B1DA670A5008D42AC /* Base */ = {isa = PBXFileReference; lastKnownFileType = file.storyboard; name = Base; path = Base.lproj/Main.storyboard; sourceTree = "<group>"; };
		BE0D589D1DA670A5008D42AC /* Assets.xcassets */ = {isa = PBXFileReference; lastKnownFileType = folder.assetcatalog; path = Assets.xcassets; sourceTree = "<group>"; };
		BE0D58A01DA670A5008D42AC /* Base */ = {isa = PBXFileReference; lastKnownFileType = file.storyboard; name = Base; path = Base.lproj/LaunchScreen.storyboard; sourceTree = "<group>"; };
		BE0D58A21DA670A5008D42AC /* Info.plist */ = {isa = PBXFileReference; lastKnownFileType = text.plist.xml; path = Info.plist; sourceTree = "<group>"; };
/* End PBXFileReference section */

/* Begin PBXFrameworksBuildPhase section */
		BE0D58901DA670A5008D42AC /* Frameworks */ = {
			isa = PBXFrameworksBuildPhase;
			buildActionMask = 2147483647;
			files = (
			);
			runOnlyForDeploymentPostprocessing = 0;
		};
/* End PBXFrameworksBuildPhase section */

/* Begin PBXGroup section */
		BE0D588A1DA670A5008D42AC = {
			isa = PBXGroup;
			children = (
				BE0D58951DA670A5008D42AC /* Badin theme */,
				BE0D58941DA670A5008D42AC /* Products */,
			);
			sourceTree = "<group>";
		};
		BE0D58941DA670A5008D42AC /* Products */ = {
			isa = PBXGroup;
			children = (
				BE0D58931DA670A5008D42AC /* Badin theme.app */,
			);
			name = Products;
			sourceTree = "<group>";
		};
		BE0D58951DA670A5008D42AC /* Badin theme */ = {
			isa = PBXGroup;
			children = (
				BE0D58961DA670A5008D42AC /* AppDelegate.swift */,
				BE0D58981DA670A5008D42AC /* ViewController.swift */,
				BE0D589A1DA670A5008D42AC /* Main.storyboard */,
				BE0D589D1DA670A5008D42AC /* Assets.xcassets */,
				BE0D589F1DA670A5008D42AC /* LaunchScreen.storyboard */,
				BE0D58A21DA670A5008D42AC /* Info.plist */,
			);
			path = "Badin theme";
			sourceTree = "<group>";
		};
/* End PBXGroup section */

/* Begin PBXNativeTarget section */
		BE0D58921DA670A5008D42AC /* Badin theme */ = {
			isa = PBXNativeTarget;
			buildConfigurationList = BE0D58A51DA670A5008D42AC /* Build configuration list for PBXNativeTarget "Badin theme" */;
			buildPhases = (
				BE0D588F1DA670A5008D42AC /* Sources */,
				BE0D58901DA670A5008D42AC /* Frameworks */,
				BE0D58911DA670A5008D42AC /* Resources */,
			);
			buildRules = (
			);
			dependencies = (
			);
			name = "Badin theme";
			productName = "Badin theme";
			productReference = BE0D58931DA670A5008D42AC /* Badin theme.app */;
			productType = "com.apple.product-type.application";
		};
/* End PBXNativeTarget section */

/* Begin PBXProject section */
		BE0D588B1DA670A5008D42AC /* Project object */ = {
			isa = PBXProject;
			attributes = {
				LastSwiftUpdateCheck = 0800;
				LastUpgradeCheck = 0800;
				ORGANIZATIONNAME = BHSRam4;
				TargetAttributes = {
					BE0D58921DA670A5008D42AC = {
						CreatedOnToolsVersion = 8.0;
						ProvisioningStyle = Automatic;
					};
				};
			};
			buildConfigurationList = BE0D588E1DA670A5008D42AC /* Build configuration list for PBXProject "Badin theme" */;
			compatibilityVersion = "Xcode 3.2";
			developmentRegion = English;
			hasScannedForEncodings = 0;
			knownRegions = (
				en,
				Base,
			);
			mainGroup = BE0D588A1DA670A5008D42AC;
			productRefGroup = BE0D58941DA670A5008D42AC /* Products */;
			projectDirPath = "";
			projectRoot = "";
			targets = (
				BE0D58921DA670A5008D42AC /* Badin theme */,
			);
		};
/* End PBXProject section */

/* Begin PBXResourcesBuildPhase section */
		BE0D58911DA670A5008D42AC /* Resources */ = {
			isa = PBXResourcesBuildPhase;
			buildActionMask = 2147483647;
			files = (
				BE0D58A11DA670A5008D42AC /* LaunchScreen.storyboard in Resources */,
				BE0D589E1DA670A5008D42AC /* Assets.xcassets in Resources */,
				BE0D589C1DA670A5008D42AC /* Main.storyboard in Resources */,
			);
			runOnlyForDeploymentPostprocessing = 0;
		};
/* End PBXResourcesBuildPhase section */

/* Begin PBXSourcesBuildPhase section */
		BE0D588F1DA670A5008D42AC /* Sources */ = {
			isa = PBXSourcesBuildPhase;
			buildActionMask = 2147483647;
			files = (
				BE0D58991DA670A5008D42AC /* ViewController.swift in Sources */,
				BE0D58971DA670A5008D42AC /* AppDelegate.swift in Sources */,
			);
			runOnlyForDeploymentPostprocessing = 0;
		};
/* End PBXSourcesBuildPhase section */

/* Begin PBXVariantGroup section */
		BE0D589A1DA670A5008D42AC /* Main.storyboard */ = {
			isa = PBXVariantGroup;
			children = (
				BE0D589B1DA670A5008D42AC /* Base */,
			);
			name = Main.storyboard;
			sourceTree = "<group>";
		};
		BE0D589F1DA670A5008D42AC /* LaunchScreen.storyboard */ = {
			isa = PBXVariantGroup;
			children = (
				BE0D58A01DA670A5008D42AC /* Base */,
			);
			name = LaunchScreen.storyboard;
			sourceTree = "<group>";
		};
/* End PBXVariantGroup section */

/* Begin XCBuildConfiguration section */
		BE0D58A31DA670A5008D42AC /* Debug */ = {
			isa = XCBuildConfiguration;
			buildSettings = {
				ALWAYS_SEARCH_USER_PATHS = NO;
				CLANG_ANALYZER_NONNULL = YES;
				CLANG_CXX_LANGUAGE_STANDARD = "gnu++0x";
				CLANG_CXX_LIBRARY = "libc++";
				CLANG_ENABLE_MODULES = YES;
				CLANG_ENABLE_OBJC_ARC = YES;
				CLANG_WARN_BOOL_CONVERSION = YES;
				CLANG_WARN_CONSTANT_CONVERSION = YES;
				CLANG_WARN_DIRECT_OBJC_ISA_USAGE = YES_ERROR;
				CLANG_WARN_DOCUMENTATION_COMMENTS = YES;
				CLANG_WARN_EMPTY_BODY = YES;
				CLANG_WARN_ENUM_CONVERSION = YES;
				CLANG_WARN_INFINITE_RECURSION = YES;
				CLANG_WARN_INT_CONVERSION = YES;
				CLANG_WARN_OBJC_ROOT_CLASS = YES_ERROR;
				CLANG_WARN_SUSPICIOUS_MOVES = YES;
				CLANG_WARN_UNREACHABLE_CODE = YES;
				CLANG_WARN__DUPLICATE_METHOD_MATCH = YES;
				"CODE_SIGN_IDENTITY[sdk=iphoneos*]" = "iPhone Developer";
				COPY_PHASE_STRIP = NO;
				DEBUG_INFORMATION_FORMAT = dwarf;
				ENABLE_STRICT_OBJC_MSGSEND = YES;
				ENABLE_TESTABILITY = YES;
				GCC_C_LANGUAGE_STANDARD = gnu99;
				GCC_DYNAMIC_NO_PIC = NO;
				GCC_NO_COMMON_BLOCKS = YES;
				GCC_OPTIMIZATION_LEVEL = 0;
				GCC_PREPROCESSOR_DEFINITIONS = (
					"DEBUG=1",
					"$(inherited)",
				);
				GCC_WARN_64_TO_32_BIT_CONVERSION = YES;
				GCC_WARN_ABOUT_RETURN_TYPE = YES_ERROR;
				GCC_WARN_UNDECLARED_SELECTOR = YES;
				GCC_WARN_UNINITIALIZED_AUTOS = YES_AGGRESSIVE;
				GCC_WARN_UNUSED_FUNCTION = YES;
				GCC_WARN_UNUSED_VARIABLE = YES;
				IPHONEOS_DEPLOYMENT_TARGET = 10.0;
				MTL_ENABLE_DEBUG_INFO = YES;
				ONLY_ACTIVE_ARCH = YES;
				SDKROOT = iphoneos;
				SWIFT_ACTIVE_COMPILATION_CONDITIONS = DEBUG;
				SWIFT_OPTIMIZATION_LEVEL = "-Onone";
				TARGETED_DEVICE_FAMILY = "1,2";
			};
			name = Debug;
		};
		BE0D58A41DA670A5008D42AC /* Release */ = {
			isa = XCBuildConfiguration;
			buildSettings = {
				ALWAYS_SEARCH_USER_PATHS = NO;
				CLANG_ANALYZER_NONNULL = YES;
				CLANG_CXX_LANGUAGE_STANDARD = "gnu++0x";
				CLANG_CXX_LIBRARY = "libc++";
				CLANG_ENABLE_MODULES = YES;
				CLANG_ENABLE_OBJC_ARC = YES;
				CLANG_WARN_BOOL_CONVERSION = YES;
				CLANG_WARN_CONSTANT_CONVERSION = YES;
				CLANG_WARN_DIRECT_OBJC_ISA_USAGE = YES_ERROR;
				CLANG_WARN_DOCUMENTATION_COMMENTS = YES;
				CLANG_WARN_EMPTY_BODY = YES;
				CLANG_WARN_ENUM_CONVERSION = YES;
				CLANG_WARN_INFINITE_RECURSION = YES;
				CLANG_WARN_INT_CONVERSION = YES;
				CLANG_WARN_OBJC_ROOT_CLASS = YES_ERROR;
				CLANG_WARN_SUSPICIOUS_MOVES = YES;
				CLANG_WARN_UNREACHABLE_CODE = YES;
				CLANG_WARN__DUPLICATE_METHOD_MATCH = YES;
				"CODE_SIGN_IDENTITY[sdk=iphoneos*]" = "iPhone Developer";
				COPY_PHASE_STRIP = NO;
				DEBUG_INFORMATION_FORMAT = "dwarf-with-dsym";
				ENABLE_NS_ASSERTIONS = NO;
				ENABLE_STRICT_OBJC_MSGSEND = YES;
				GCC_C_LANGUAGE_STANDARD = gnu99;
				GCC_NO_COMMON_BLOCKS = YES;
				GCC_WARN_64_TO_32_BIT_CONVERSION = YES;
				GCC_WARN_ABOUT_RETURN_TYPE = YES_ERROR;
				GCC_WARN_UNDECLARED_SELECTOR = YES;
				GCC_WARN_UNINITIALIZED_AUTOS = YES_AGGRESSIVE;
				GCC_WARN_UNUSED_FUNCTION = YES;
				GCC_WARN_UNUSED_VARIABLE = YES;
				IPHONEOS_DEPLOYMENT_TARGET = 10.0;
				MTL_ENABLE_DEBUG_INFO = NO;
				SDKROOT = iphoneos;
				SWIFT_OPTIMIZATION_LEVEL = "-Owholemodule";
				TARGETED_DEVICE_FAMILY = "1,2";
				VALIDATE_PRODUCT = YES;
			};
			name = Release;
		};
		BE0D58A61DA670A5008D42AC /* Debug */ = {
			isa = XCBuildConfiguration;
			buildSettings = {
				ASSETCATALOG_COMPILER_APPICON_NAME = AppIcon;
				INFOPLIST_FILE = "Badin theme/Info.plist";
				LD_RUNPATH_SEARCH_PATHS = "$(inherited) @executable_path/Frameworks";
				PRODUCT_BUNDLE_IDENTIFIER = "org.BadinHS.Badin-theme";
				PRODUCT_NAME = "$(TARGET_NAME)";
				SWIFT_VERSION = 3.0;
			};
			name = Debug;
		};
		BE0D58A71DA670A5008D42AC /* Release */ = {
			isa = XCBuildConfiguration;
			buildSettings = {
				ASSETCATALOG_COMPILER_APPICON_NAME = AppIcon;
				INFOPLIST_FILE = "Badin theme/Info.plist";
				LD_RUNPATH_SEARCH_PATHS = "$(inherited) @executable_path/Frameworks";
				PRODUCT_BUNDLE_IDENTIFIER = "org.BadinHS.Badin-theme";
				PRODUCT_NAME = "$(TARGET_NAME)";
				SWIFT_VERSION = 3.0;
			};
			name = Release;
		};
/* End XCBuildConfiguration section */

/* Begin XCConfigurationList section */
		BE0D588E1DA670A5008D42AC /* Build configuration list for PBXProject "Badin theme" */ = {
			isa = XCConfigurationList;
			buildConfigurations = (
				BE0D58A31DA670A5008D42AC /* Debug */,
				BE0D58A41DA670A5008D42AC /* Release */,
			);
			defaultConfigurationIsVisible = 0;
			defaultConfigurationName = Release;
		};
		BE0D58A51DA670A5008D42AC /* Build configuration list for PBXNativeTarget "Badin theme" */ = {
			isa = XCConfigurationList;
			buildConfigurations = (
				BE0D58A61DA670A5008D42AC /* Debug */,
				BE0D58A71DA670A5008D42AC /* Release */,
			);
			defaultConfigurationIsVisible = 0;
			defaultConfigurationName = Release;
		};
/* End XCConfigurationList section */
	};
	rootObject = BE0D588B1DA670A5008D42AC /* Project object */;
}
